
Microsoft Visual Studio Solution File, Format Version 12.00
# Visual Studio Version 17
VisualStudioVersion = 17.10.35122.118
MinimumVisualStudioVersion = 10.0.40219.1
Project("{FAE04EC0-301F-11D3-BF4B-00C04F79EFBC}") = "ReactApp.Server", "ReactApp.Server\ReactApp.Server.csproj", "{C38511E0-BEE5-41AE-B0E3-B368C124641F}"
EndProject
Project("{54A90642-561A-4BB1-A94E-469ADEE60C69}") = "reactapp.client", "reactapp.client\reactapp.client.esproj", "{A92463B0-DF46-4A65-B5C1-B789E8426A81}"
EndProject
Global
	GlobalSection(SolutionConfigurationPlatforms) = preSolution
		Debug|Any CPU = Debug|Any CPU
		Release|Any CPU = Release|Any CPU
	EndGlobalSection
	GlobalSection(ProjectConfigurationPlatforms) = postSolution
		{C38511E0-BEE5-41AE-B0E3-B368C124641F}.Debug|Any CPU.ActiveCfg = Debug|Any CPU
		{C38511E0-BEE5-41AE-B0E3-B368C124641F}.Debug|Any CPU.Build.0 = Debug|Any CPU
		{C38511E0-BEE5-41AE-B0E3-B368C124641F}.Release|Any CPU.ActiveCfg = Release|Any CPU
		{C38511E0-BEE5-41AE-B0E3-B368C124641F}.Release|Any CPU.Build.0 = Release|Any CPU
		{A92463B0-DF46-4A65-B5C1-B789E8426A81}.Debug|Any CPU.ActiveCfg = Debug|Any CPU
		{A92463B0-DF46-4A65-B5C1-B789E8426A81}.Debug|Any CPU.Build.0 = Debug|Any CPU
		{A92463B0-DF46-4A65-B5C1-B789E8426A81}.Debug|Any CPU.Deploy.0 = Debug|Any CPU
		{A92463B0-DF46-4A65-B5C1-B789E8426A81}.Release|Any CPU.ActiveCfg = Release|Any CPU
		{A92463B0-DF46-4A65-B5C1-B789E8426A81}.Release|Any CPU.Build.0 = Release|Any CPU
		{A92463B0-DF46-4A65-B5C1-B789E8426A81}.Release|Any CPU.Deploy.0 = Release|Any CPU
	EndGlobalSection
	GlobalSection(SolutionProperties) = preSolution
		HideSolutionNode = FALSE
	EndGlobalSection
	GlobalSection(ExtensibilityGlobals) = postSolution
		SolutionGuid = {804D8000-AD9C-4253-B7E8-1E85D1517E9F}
	EndGlobalSection
EndGlobal
